
Microsoft Visual Studio Solution File, Format Version 12.00
# Visual Studio Version 17
VisualStudioVersion = 17.14.36414.22 d17.14
MinimumVisualStudioVersion = 10.0.40219.1
Project("{FAE04EC0-301F-11D3-BF4B-00C04F79EFBC}") = "BarbershopManager", "BarbershopManager\BarbershopManager.csproj", "{4C67016C-9CE3-48B1-8186-16E186C27C4A}"
EndProject
Global
	GlobalSection(SolutionConfigurationPlatforms) = preSolution
		Debug|Any CPU = Debug|Any CPU
		Release|Any CPU = Release|Any CPU
	EndGlobalSection
	GlobalSection(ProjectConfigurationPlatforms) = postSolution
		{4C67016C-9CE3-48B1-8186-16E186C27C4A}.Debug|Any CPU.ActiveCfg = Debug|Any CPU
		{4C67016C-9CE3-48B1-8186-16E186C27C4A}.Debug|Any CPU.Build.0 = Debug|Any CPU
		{4C67016C-9CE3-48B1-8186-16E186C27C4A}.Release|Any CPU.ActiveCfg = Release|Any CPU
		{4C67016C-9CE3-48B1-8186-16E186C27C4A}.Release|Any CPU.Build.0 = Release|Any CPU
	EndGlobalSection
	GlobalSection(SolutionProperties) = preSolution
		HideSolutionNode = FALSE
	EndGlobalSection
	GlobalSection(ExtensibilityGlobals) = postSolution
		SolutionGuid = {3839961C-BDC8-42DB-AC9E-6D96253BDC17}
	EndGlobalSection
EndGlobal
